// !$*UTF8*$!
{
	archiveVersion = 1;
	classes = {
	};
	objectVersion = 56;
	objects = {

/* Begin PBXBuildFile section */
		BE087B722C04D14D005012C4 /* SDWebImage in Frameworks */ = {isa = PBXBuildFile; productRef = BE087B712C04D14D005012C4 /* SDWebImage */; };
		BE0D33452C01D213006AAD08 /* AppDelegate.swift in Sources */ = {isa = PBXBuildFile; fileRef = BE0D33442C01D213006AAD08 /* AppDelegate.swift */; };
		BE0D334E2C01D214006AAD08 /* Assets.xcassets in Resources */ = {isa = PBXBuildFile; fileRef = BE0D334D2C01D214006AAD08 /* Assets.xcassets */; };
		BE0D33512C01D214006AAD08 /* LaunchScreen.storyboard in Resources */ = {isa = PBXBuildFile; fileRef = BE0D334F2C01D214006AAD08 /* LaunchScreen.storyboard */; };
		BE0D335B2C01D597006AAD08 /* MainTabBarController.swift in Sources */ = {isa = PBXBuildFile; fileRef = BE0D335A2C01D597006AAD08 /* MainTabBarController.swift */; };
		BE1923982C05DEA0006C15F9 /* EpisodePresenter.swift in Sources */ = {isa = PBXBuildFile; fileRef = BE1923922C05DEA0006C15F9 /* EpisodePresenter.swift */; };
		BE1923992C05DEA0006C15F9 /* EpisodeWorker.swift in Sources */ = {isa = PBXBuildFile; fileRef = BE1923932C05DEA0006C15F9 /* EpisodeWorker.swift */; };
		BE19239A2C05DEA0006C15F9 /* EpisodeRouter.swift in Sources */ = {isa = PBXBuildFile; fileRef = BE1923942C05DEA0006C15F9 /* EpisodeRouter.swift */; };
		BE19239B2C05DEA0006C15F9 /* EpisodeModels.swift in Sources */ = {isa = PBXBuildFile; fileRef = BE1923952C05DEA0006C15F9 /* EpisodeModels.swift */; };
		BE19239C2C05DEA0006C15F9 /* EpisodeViewController.swift in Sources */ = {isa = PBXBuildFile; fileRef = BE1923962C05DEA0006C15F9 /* EpisodeViewController.swift */; };
		BE19239D2C05DEA0006C15F9 /* EpisodeInteractor.swift in Sources */ = {isa = PBXBuildFile; fileRef = BE1923972C05DEA0006C15F9 /* EpisodeInteractor.swift */; };
		BE19239F2C05E28B006C15F9 /* EpisodeBuilder.swift in Sources */ = {isa = PBXBuildFile; fileRef = BE19239E2C05E28B006C15F9 /* EpisodeBuilder.swift */; };
		BE2F24352C180A1200DBAA87 /* PlayView.swift in Sources */ = {isa = PBXBuildFile; fileRef = BE2F24342C180A1200DBAA87 /* PlayView.swift */; };
		BEF17FA62C01F7FC00F8511B /* SearchPresenter.swift in Sources */ = {isa = PBXBuildFile; fileRef = BEF17FA02C01F7FC00F8511B /* SearchPresenter.swift */; };
		BEF17FA72C01F7FC00F8511B /* SearchWorker.swift in Sources */ = {isa = PBXBuildFile; fileRef = BEF17FA12C01F7FC00F8511B /* SearchWorker.swift */; };
		BEF17FA82C01F7FC00F8511B /* SearchRouter.swift in Sources */ = {isa = PBXBuildFile; fileRef = BEF17FA22C01F7FC00F8511B /* SearchRouter.swift */; };
		BEF17FA92C01F7FC00F8511B /* SearchModels.swift in Sources */ = {isa = PBXBuildFile; fileRef = BEF17FA32C01F7FC00F8511B /* SearchModels.swift */; };
		BEF17FAA2C01F7FC00F8511B /* SearchViewController.swift in Sources */ = {isa = PBXBuildFile; fileRef = BEF17FA42C01F7FC00F8511B /* SearchViewController.swift */; };
		BEF17FAB2C01F7FC00F8511B /* SearchInteractor.swift in Sources */ = {isa = PBXBuildFile; fileRef = BEF17FA52C01F7FC00F8511B /* SearchInteractor.swift */; };
		BEF17FAD2C01F85200F8511B /* SearchBuilder.swift in Sources */ = {isa = PBXBuildFile; fileRef = BEF17FAC2C01F85200F8511B /* SearchBuilder.swift */; };
		BEF17FB12C01F9DC00F8511B /* SnapKit in Frameworks */ = {isa = PBXBuildFile; productRef = BEF17FB02C01F9DC00F8511B /* SnapKit */; };
		BEF17FB42C01FF2800F8511B /* Alamofire in Frameworks */ = {isa = PBXBuildFile; productRef = BEF17FB32C01FF2800F8511B /* Alamofire */; };
		BEF17FB62C02004F00F8511B /* ServiceManager.swift in Sources */ = {isa = PBXBuildFile; fileRef = BEF17FB52C02004F00F8511B /* ServiceManager.swift */; };
		BEF17FB92C020B9200F8511B /* UIScreen+ Ext.swift in Sources */ = {isa = PBXBuildFile; fileRef = BEF17FB82C020B9200F8511B /* UIScreen+ Ext.swift */; };
		BEF17FBC2C020CEC00F8511B /* SearchCell.swift in Sources */ = {isa = PBXBuildFile; fileRef = BEF17FBB2C020CEC00F8511B /* SearchCell.swift */; };
		BEF17FBE2C02179F00F8511B /* SearchResponse.swift in Sources */ = {isa = PBXBuildFile; fileRef = BEF17FBD2C02179F00F8511B /* SearchResponse.swift */; };
		BEF17FC32C022C6800F8511B /* ApiURL.swift in Sources */ = {isa = PBXBuildFile; fileRef = BEF17FC22C022C6800F8511B /* ApiURL.swift */; };
		BEFBA2A32C073BBD0006E655 /* FeedKit in Frameworks */ = {isa = PBXBuildFile; productRef = BEFBA2A22C073BBD0006E655 /* FeedKit */; };
		BEFBA2A52C0741340006E655 /* EpisodeResponse.swift in Sources */ = {isa = PBXBuildFile; fileRef = BEFBA2A42C0741340006E655 /* EpisodeResponse.swift */; };
		BEFBA2A92C07474B0006E655 /* EpisodeCell.swift in Sources */ = {isa = PBXBuildFile; fileRef = BEFBA2A82C07474B0006E655 /* EpisodeCell.swift */; };
		BEFBA2B12C0774010006E655 /* PlayPresenter.swift in Sources */ = {isa = PBXBuildFile; fileRef = BEFBA2AB2C0774010006E655 /* PlayPresenter.swift */; };
		BEFBA2B22C0774010006E655 /* PlayWorker.swift in Sources */ = {isa = PBXBuildFile; fileRef = BEFBA2AC2C0774010006E655 /* PlayWorker.swift */; };
		BEFBA2B32C0774010006E655 /* PlayRouter.swift in Sources */ = {isa = PBXBuildFile; fileRef = BEFBA2AD2C0774010006E655 /* PlayRouter.swift */; };
		BEFBA2B42C0774010006E655 /* PlayModels.swift in Sources */ = {isa = PBXBuildFile; fileRef = BEFBA2AE2C0774010006E655 /* PlayModels.swift */; };
		BEFBA2B52C0774010006E655 /* PlayViewController.swift in Sources */ = {isa = PBXBuildFile; fileRef = BEFBA2AF2C0774010006E655 /* PlayViewController.swift */; };
		BEFBA2B62C0774010006E655 /* PlayInteractor.swift in Sources */ = {isa = PBXBuildFile; fileRef = BEFBA2B02C0774010006E655 /* PlayInteractor.swift */; };
		BEFBA2B92C0775EE0006E655 /* PlayBuilder.swift in Sources */ = {isa = PBXBuildFile; fileRef = BEFBA2B82C0775EE0006E655 /* PlayBuilder.swift */; };
/* End PBXBuildFile section */

/* Begin PBXFileReference section */
		BE0D33412C01D213006AAD08 /* PodcastApp.app */ = {isa = PBXFileReference; explicitFileType = wrapper.application; includeInIndex = 0; path = PodcastApp.app; sourceTree = BUILT_PRODUCTS_DIR; };
		BE0D33442C01D213006AAD08 /* AppDelegate.swift */ = {isa = PBXFileReference; lastKnownFileType = sourcecode.swift; path = AppDelegate.swift; sourceTree = "<group>"; };
		BE0D334D2C01D214006AAD08 /* Assets.xcassets */ = {isa = PBXFileReference; lastKnownFileType = folder.assetcatalog; path = Assets.xcassets; sourceTree = "<group>"; };
		BE0D33502C01D214006AAD08 /* Base */ = {isa = PBXFileReference; lastKnownFileType = file.storyboard; name = Base; path = Base.lproj/LaunchScreen.storyboard; sourceTree = "<group>"; };
		BE0D33522C01D214006AAD08 /* Info.plist */ = {isa = PBXFileReference; lastKnownFileType = text.plist.xml; path = Info.plist; sourceTree = "<group>"; };
		BE0D335A2C01D597006AAD08 /* MainTabBarController.swift */ = {isa = PBXFileReference; lastKnownFileType = sourcecode.swift; path = MainTabBarController.swift; sourceTree = "<group>"; };
		BE1923922C05DEA0006C15F9 /* EpisodePresenter.swift */ = {isa = PBXFileReference; lastKnownFileType = sourcecode.swift; path = EpisodePresenter.swift; sourceTree = "<group>"; };
		BE1923932C05DEA0006C15F9 /* EpisodeWorker.swift */ = {isa = PBXFileReference; lastKnownFileType = sourcecode.swift; path = EpisodeWorker.swift; sourceTree = "<group>"; };
		BE1923942C05DEA0006C15F9 /* EpisodeRouter.swift */ = {isa = PBXFileReference; lastKnownFileType = sourcecode.swift; path = EpisodeRouter.swift; sourceTree = "<group>"; };
		BE1923952C05DEA0006C15F9 /* EpisodeModels.swift */ = {isa = PBXFileReference; lastKnownFileType = sourcecode.swift; path = EpisodeModels.swift; sourceTree = "<group>"; };
		BE1923962C05DEA0006C15F9 /* EpisodeViewController.swift */ = {isa = PBXFileReference; lastKnownFileType = sourcecode.swift; path = EpisodeViewController.swift; sourceTree = "<group>"; };
		BE1923972C05DEA0006C15F9 /* EpisodeInteractor.swift */ = {isa = PBXFileReference; lastKnownFileType = sourcecode.swift; path = EpisodeInteractor.swift; sourceTree = "<group>"; };
		BE19239E2C05E28B006C15F9 /* EpisodeBuilder.swift */ = {isa = PBXFileReference; lastKnownFileType = sourcecode.swift; path = EpisodeBuilder.swift; sourceTree = "<group>"; };
		BE2F24342C180A1200DBAA87 /* PlayView.swift */ = {isa = PBXFileReference; lastKnownFileType = sourcecode.swift; path = PlayView.swift; sourceTree = "<group>"; };
		BEF17FA02C01F7FC00F8511B /* SearchPresenter.swift */ = {isa = PBXFileReference; lastKnownFileType = sourcecode.swift; path = SearchPresenter.swift; sourceTree = "<group>"; };
		BEF17FA12C01F7FC00F8511B /* SearchWorker.swift */ = {isa = PBXFileReference; lastKnownFileType = sourcecode.swift; path = SearchWorker.swift; sourceTree = "<group>"; };
		BEF17FA22C01F7FC00F8511B /* SearchRouter.swift */ = {isa = PBXFileReference; lastKnownFileType = sourcecode.swift; path = SearchRouter.swift; sourceTree = "<group>"; };
		BEF17FA32C01F7FC00F8511B /* SearchModels.swift */ = {isa = PBXFileReference; lastKnownFileType = sourcecode.swift; path = SearchModels.swift; sourceTree = "<group>"; };
		BEF17FA42C01F7FC00F8511B /* SearchViewController.swift */ = {isa = PBXFileReference; lastKnownFileType = sourcecode.swift; path = SearchViewController.swift; sourceTree = "<group>"; };
		BEF17FA52C01F7FC00F8511B /* SearchInteractor.swift */ = {isa = PBXFileReference; lastKnownFileType = sourcecode.swift; path = SearchInteractor.swift; sourceTree = "<group>"; };
		BEF17FAC2C01F85200F8511B /* SearchBuilder.swift */ = {isa = PBXFileReference; lastKnownFileType = sourcecode.swift; path = SearchBuilder.swift; sourceTree = "<group>"; };
		BEF17FB52C02004F00F8511B /* ServiceManager.swift */ = {isa = PBXFileReference; lastKnownFileType = sourcecode.swift; path = ServiceManager.swift; sourceTree = "<group>"; };
		BEF17FB82C020B9200F8511B /* UIScreen+ Ext.swift */ = {isa = PBXFileReference; lastKnownFileType = sourcecode.swift; path = "UIScreen+ Ext.swift"; sourceTree = "<group>"; };
		BEF17FBB2C020CEC00F8511B /* SearchCell.swift */ = {isa = PBXFileReference; lastKnownFileType = sourcecode.swift; path = SearchCell.swift; sourceTree = "<group>"; };
		BEF17FBD2C02179F00F8511B /* SearchResponse.swift */ = {isa = PBXFileReference; lastKnownFileType = sourcecode.swift; path = SearchResponse.swift; sourceTree = "<group>"; };
		BEF17FC22C022C6800F8511B /* ApiURL.swift */ = {isa = PBXFileReference; lastKnownFileType = sourcecode.swift; path = ApiURL.swift; sourceTree = "<group>"; };
		BEFBA2A42C0741340006E655 /* EpisodeResponse.swift */ = {isa = PBXFileReference; lastKnownFileType = sourcecode.swift; path = EpisodeResponse.swift; sourceTree = "<group>"; };
		BEFBA2A82C07474B0006E655 /* EpisodeCell.swift */ = {isa = PBXFileReference; lastKnownFileType = sourcecode.swift; path = EpisodeCell.swift; sourceTree = "<group>"; };
		BEFBA2AB2C0774010006E655 /* PlayPresenter.swift */ = {isa = PBXFileReference; lastKnownFileType = sourcecode.swift; path = PlayPresenter.swift; sourceTree = "<group>"; };
		BEFBA2AC2C0774010006E655 /* PlayWorker.swift */ = {isa = PBXFileReference; lastKnownFileType = sourcecode.swift; path = PlayWorker.swift; sourceTree = "<group>"; };
		BEFBA2AD2C0774010006E655 /* PlayRouter.swift */ = {isa = PBXFileReference; lastKnownFileType = sourcecode.swift; path = PlayRouter.swift; sourceTree = "<group>"; };
		BEFBA2AE2C0774010006E655 /* PlayModels.swift */ = {isa = PBXFileReference; lastKnownFileType = sourcecode.swift; path = PlayModels.swift; sourceTree = "<group>"; };
		BEFBA2AF2C0774010006E655 /* PlayViewController.swift */ = {isa = PBXFileReference; lastKnownFileType = sourcecode.swift; path = PlayViewController.swift; sourceTree = "<group>"; };
		BEFBA2B02C0774010006E655 /* PlayInteractor.swift */ = {isa = PBXFileReference; lastKnownFileType = sourcecode.swift; path = PlayInteractor.swift; sourceTree = "<group>"; };
		BEFBA2B82C0775EE0006E655 /* PlayBuilder.swift */ = {isa = PBXFileReference; lastKnownFileType = sourcecode.swift; path = PlayBuilder.swift; sourceTree = "<group>"; };
/* End PBXFileReference section */

/* Begin PBXFrameworksBuildPhase section */
		BE0D333E2C01D213006AAD08 /* Frameworks */ = {
			isa = PBXFrameworksBuildPhase;
			buildActionMask = 2147483647;
			files = (
				BE087B722C04D14D005012C4 /* SDWebImage in Frameworks */,
				BEF17FB12C01F9DC00F8511B /* SnapKit in Frameworks */,
				BEF17FB42C01FF2800F8511B /* Alamofire in Frameworks */,
				BEFBA2A32C073BBD0006E655 /* FeedKit in Frameworks */,
			);
			runOnlyForDeploymentPostprocessing = 0;
		};
/* End PBXFrameworksBuildPhase section */

/* Begin PBXGroup section */
		BE0D33382C01D213006AAD08 = {
			isa = PBXGroup;
			children = (
				BE0D33432C01D213006AAD08 /* PodcastApp */,
				BE0D33422C01D213006AAD08 /* Products */,
			);
			sourceTree = "<group>";
		};
		BE0D33422C01D213006AAD08 /* Products */ = {
			isa = PBXGroup;
			children = (
				BE0D33412C01D213006AAD08 /* PodcastApp.app */,
			);
			name = Products;
			sourceTree = "<group>";
		};
		BE0D33432C01D213006AAD08 /* PodcastApp */ = {
			isa = PBXGroup;
			children = (
				BE0D33442C01D213006AAD08 /* AppDelegate.swift */,
				BE0D335A2C01D597006AAD08 /* MainTabBarController.swift */,
				BEF17FC12C022C5600F8511B /* Utilities */,
				BEF17FB72C020B7F00F8511B /* Extensions */,
				BE0D335E2C01D7AD006AAD08 /* Model */,
				BE0D335D2C01D7A4006AAD08 /* Service */,
				BE0D335C2C01D784006AAD08 /* Modules */,
				BE0D33582C01D257006AAD08 /* Files */,
			);
			path = PodcastApp;
			sourceTree = "<group>";
		};
		BE0D33582C01D257006AAD08 /* Files */ = {
			isa = PBXGroup;
			children = (
				BE0D334D2C01D214006AAD08 /* Assets.xcassets */,
				BE0D334F2C01D214006AAD08 /* LaunchScreen.storyboard */,
				BE0D33522C01D214006AAD08 /* Info.plist */,
			);
			path = Files;
			sourceTree = "<group>";
		};
		BE0D335C2C01D784006AAD08 /* Modules */ = {
			isa = PBXGroup;
			children = (
				BEF17FAE2C01F8AB00F8511B /* Search */,
				BE1923912C05DE6D006C15F9 /* Episode */,
				BEFBA2AA2C0773870006E655 /* Play */,
			);
			path = Modules;
			sourceTree = "<group>";
		};
		BE0D335D2C01D7A4006AAD08 /* Service */ = {
			isa = PBXGroup;
			children = (
				BEF17FB52C02004F00F8511B /* ServiceManager.swift */,
			);
			path = Service;
			sourceTree = "<group>";
		};
		BE0D335E2C01D7AD006AAD08 /* Model */ = {
			isa = PBXGroup;
			children = (
				BEF17FBD2C02179F00F8511B /* SearchResponse.swift */,
				BEFBA2A42C0741340006E655 /* EpisodeResponse.swift */,
			);
			path = Model;
			sourceTree = "<group>";
		};
		BE1923912C05DE6D006C15F9 /* Episode */ = {
			isa = PBXGroup;
			children = (
				BE2F24382C180F3300DBAA87 /* Cell */,
				BE19239E2C05E28B006C15F9 /* EpisodeBuilder.swift */,
				BE1923962C05DEA0006C15F9 /* EpisodeViewController.swift */,
				BE1923952C05DEA0006C15F9 /* EpisodeModels.swift */,
				BE1923932C05DEA0006C15F9 /* EpisodeWorker.swift */,
				BE1923972C05DEA0006C15F9 /* EpisodeInteractor.swift */,
				BE1923922C05DEA0006C15F9 /* EpisodePresenter.swift */,
				BE1923942C05DEA0006C15F9 /* EpisodeRouter.swift */,
			);
			path = Episode;
			sourceTree = "<group>";
		};
		BE2F24372C180F1800DBAA87 /* Cell */ = {
			isa = PBXGroup;
			children = (
				BEF17FBB2C020CEC00F8511B /* SearchCell.swift */,
			);
			path = Cell;
			sourceTree = "<group>";
		};
		BE2F24382C180F3300DBAA87 /* Cell */ = {
			isa = PBXGroup;
			children = (
				BEFBA2A82C07474B0006E655 /* EpisodeCell.swift */,
			);
			path = Cell;
			sourceTree = "<group>";
		};
		BE2F24392C180F4600DBAA87 /* View */ = {
			isa = PBXGroup;
			children = (
				BE2F24342C180A1200DBAA87 /* PlayView.swift */,
			);
			path = View;
			sourceTree = "<group>";
		};
		BEF17FAE2C01F8AB00F8511B /* Search */ = {
			isa = PBXGroup;
			children = (
				BE2F24372C180F1800DBAA87 /* Cell */,
				BEF17FAC2C01F85200F8511B /* SearchBuilder.swift */,
				BEF17FA42C01F7FC00F8511B /* SearchViewController.swift */,
				BEF17FA32C01F7FC00F8511B /* SearchModels.swift */,
				BEF17FA12C01F7FC00F8511B /* SearchWorker.swift */,
				BEF17FA52C01F7FC00F8511B /* SearchInteractor.swift */,
				BEF17FA02C01F7FC00F8511B /* SearchPresenter.swift */,
				BEF17FA22C01F7FC00F8511B /* SearchRouter.swift */,
			);
			path = Search;
			sourceTree = "<group>";
		};
		BEF17FB72C020B7F00F8511B /* Extensions */ = {
			isa = PBXGroup;
			children = (
				BEF17FB82C020B9200F8511B /* UIScreen+ Ext.swift */,
			);
			path = Extensions;
			sourceTree = "<group>";
		};
		BEF17FC12C022C5600F8511B /* Utilities */ = {
			isa = PBXGroup;
			children = (
				BEF17FC22C022C6800F8511B /* ApiURL.swift */,
			);
			path = Utilities;
			sourceTree = "<group>";
		};
		BEFBA2AA2C0773870006E655 /* Play */ = {
			isa = PBXGroup;
			children = (
				BE2F24392C180F4600DBAA87 /* View */,
				BEFBA2B82C0775EE0006E655 /* PlayBuilder.swift */,
				BEFBA2AF2C0774010006E655 /* PlayViewController.swift */,
				BEFBA2AB2C0774010006E655 /* PlayPresenter.swift */,
				BEFBA2AC2C0774010006E655 /* PlayWorker.swift */,
				BEFBA2AD2C0774010006E655 /* PlayRouter.swift */,
				BEFBA2AE2C0774010006E655 /* PlayModels.swift */,
				BEFBA2B02C0774010006E655 /* PlayInteractor.swift */,
			);
			path = Play;
			sourceTree = "<group>";
		};
/* End PBXGroup section */

/* Begin PBXNativeTarget section */
		BE0D33402C01D213006AAD08 /* PodcastApp */ = {
			isa = PBXNativeTarget;
			buildConfigurationList = BE0D33552C01D214006AAD08 /* Build configuration list for PBXNativeTarget "PodcastApp" */;
			buildPhases = (
				BE0D333D2C01D213006AAD08 /* Sources */,
				BE0D333E2C01D213006AAD08 /* Frameworks */,
				BE0D333F2C01D213006AAD08 /* Resources */,
			);
			buildRules = (
			);
			dependencies = (
			);
			name = PodcastApp;
			packageProductDependencies = (
				BEF17FB02C01F9DC00F8511B /* SnapKit */,
				BEF17FB32C01FF2800F8511B /* Alamofire */,
				BE087B712C04D14D005012C4 /* SDWebImage */,
				BEFBA2A22C073BBD0006E655 /* FeedKit */,
			);
			productName = PodcastApp;
			productReference = BE0D33412C01D213006AAD08 /* PodcastApp.app */;
			productType = "com.apple.product-type.application";
		};
/* End PBXNativeTarget section */

/* Begin PBXProject section */
		BE0D33392C01D213006AAD08 /* Project object */ = {
			isa = PBXProject;
			attributes = {
				BuildIndependentTargetsInParallel = 1;
				LastSwiftUpdateCheck = 1520;
				LastUpgradeCheck = 1520;
				TargetAttributes = {
					BE0D33402C01D213006AAD08 = {
						CreatedOnToolsVersion = 15.2;
					};
				};
			};
			buildConfigurationList = BE0D333C2C01D213006AAD08 /* Build configuration list for PBXProject "PodcastApp" */;
			compatibilityVersion = "Xcode 14.0";
			developmentRegion = en;
			hasScannedForEncodings = 0;
			knownRegions = (
				en,
				Base,
			);
			mainGroup = BE0D33382C01D213006AAD08;
			packageReferences = (
				BEF17FAF2C01F9DC00F8511B /* XCRemoteSwiftPackageReference "SnapKit" */,
				BEF17FB22C01FF2800F8511B /* XCRemoteSwiftPackageReference "Alamofire" */,
				BE087B702C04D14D005012C4 /* XCRemoteSwiftPackageReference "SDWebImage" */,
				BEFBA2A12C073BBD0006E655 /* XCRemoteSwiftPackageReference "FeedKit" */,
			);
			productRefGroup = BE0D33422C01D213006AAD08 /* Products */;
			projectDirPath = "";
			projectRoot = "";
			targets = (
				BE0D33402C01D213006AAD08 /* PodcastApp */,
			);
		};
/* End PBXProject section */

/* Begin PBXResourcesBuildPhase section */
		BE0D333F2C01D213006AAD08 /* Resources */ = {
			isa = PBXResourcesBuildPhase;
			buildActionMask = 2147483647;
			files = (
				BE0D33512C01D214006AAD08 /* LaunchScreen.storyboard in Resources */,
				BE0D334E2C01D214006AAD08 /* Assets.xcassets in Resources */,
			);
			runOnlyForDeploymentPostprocessing = 0;
		};
/* End PBXResourcesBuildPhase section */

/* Begin PBXSourcesBuildPhase section */
		BE0D333D2C01D213006AAD08 /* Sources */ = {
			isa = PBXSourcesBuildPhase;
			buildActionMask = 2147483647;
			files = (
				BEFBA2B32C0774010006E655 /* PlayRouter.swift in Sources */,
				BEF17FBE2C02179F00F8511B /* SearchResponse.swift in Sources */,
				BEFBA2B22C0774010006E655 /* PlayWorker.swift in Sources */,
				BE19239B2C05DEA0006C15F9 /* EpisodeModels.swift in Sources */,
				BE1923992C05DEA0006C15F9 /* EpisodeWorker.swift in Sources */,
				BE2F24352C180A1200DBAA87 /* PlayView.swift in Sources */,
				BE19239C2C05DEA0006C15F9 /* EpisodeViewController.swift in Sources */,
				BEF17FB92C020B9200F8511B /* UIScreen+ Ext.swift in Sources */,
				BEF17FBC2C020CEC00F8511B /* SearchCell.swift in Sources */,
				BEF17FB62C02004F00F8511B /* ServiceManager.swift in Sources */,
				BEF17FC32C022C6800F8511B /* ApiURL.swift in Sources */,
				BE0D33452C01D213006AAD08 /* AppDelegate.swift in Sources */,
				BEF17FAA2C01F7FC00F8511B /* SearchViewController.swift in Sources */,
				BEFBA2B52C0774010006E655 /* PlayViewController.swift in Sources */,
				BEF17FAD2C01F85200F8511B /* SearchBuilder.swift in Sources */,
				BEF17FAB2C01F7FC00F8511B /* SearchInteractor.swift in Sources */,
				BEF17FA82C01F7FC00F8511B /* SearchRouter.swift in Sources */,
				BEF17FA72C01F7FC00F8511B /* SearchWorker.swift in Sources */,
				BEFBA2B92C0775EE0006E655 /* PlayBuilder.swift in Sources */,
				BEFBA2B62C0774010006E655 /* PlayInteractor.swift in Sources */,
				BE0D335B2C01D597006AAD08 /* MainTabBarController.swift in Sources */,
				BEF17FA62C01F7FC00F8511B /* SearchPresenter.swift in Sources */,
				BE1923982C05DEA0006C15F9 /* EpisodePresenter.swift in Sources */,
				BE19239F2C05E28B006C15F9 /* EpisodeBuilder.swift in Sources */,
				BEFBA2B42C0774010006E655 /* PlayModels.swift in Sources */,
				BEFBA2A52C0741340006E655 /* EpisodeResponse.swift in Sources */,
				BE19239A2C05DEA0006C15F9 /* EpisodeRouter.swift in Sources */,
				BEFBA2B12C0774010006E655 /* PlayPresenter.swift in Sources */,
				BE19239D2C05DEA0006C15F9 /* EpisodeInteractor.swift in Sources */,
				BEFBA2A92C07474B0006E655 /* EpisodeCell.swift in Sources */,
				BEF17FA92C01F7FC00F8511B /* SearchModels.swift in Sources */,
			);
			runOnlyForDeploymentPostprocessing = 0;
		};
/* End PBXSourcesBuildPhase section */

/* Begin PBXVariantGroup section */
		BE0D334F2C01D214006AAD08 /* LaunchScreen.storyboard */ = {
			isa = PBXVariantGroup;
			children = (
				BE0D33502C01D214006AAD08 /* Base */,
			);
			name = LaunchScreen.storyboard;
			sourceTree = "<group>";
		};
/* End PBXVariantGroup section */

/* Begin XCBuildConfiguration section */
		BE0D33532C01D214006AAD08 /* Debug */ = {
			isa = XCBuildConfiguration;
			buildSettings = {
				ALWAYS_SEARCH_USER_PATHS = NO;
				ASSETCATALOG_COMPILER_GENERATE_SWIFT_ASSET_SYMBOL_EXTENSIONS = YES;
				CLANG_ANALYZER_NONNULL = YES;
				CLANG_ANALYZER_NUMBER_OBJECT_CONVERSION = YES_AGGRESSIVE;
				CLANG_CXX_LANGUAGE_STANDARD = "gnu++20";
				CLANG_ENABLE_MODULES = YES;
				CLANG_ENABLE_OBJC_ARC = YES;
				CLANG_ENABLE_OBJC_WEAK = YES;
				CLANG_WARN_BLOCK_CAPTURE_AUTORELEASING = YES;
				CLANG_WARN_BOOL_CONVERSION = YES;
				CLANG_WARN_COMMA = YES;
				CLANG_WARN_CONSTANT_CONVERSION = YES;
				CLANG_WARN_DEPRECATED_OBJC_IMPLEMENTATIONS = YES;
				CLANG_WARN_DIRECT_OBJC_ISA_USAGE = YES_ERROR;
				CLANG_WARN_DOCUMENTATION_COMMENTS = YES;
				CLANG_WARN_EMPTY_BODY = YES;
				CLANG_WARN_ENUM_CONVERSION = YES;
				CLANG_WARN_INFINITE_RECURSION = YES;
				CLANG_WARN_INT_CONVERSION = YES;
				CLANG_WARN_NON_LITERAL_NULL_CONVERSION = YES;
				CLANG_WARN_OBJC_IMPLICIT_RETAIN_SELF = YES;
				CLANG_WARN_OBJC_LITERAL_CONVERSION = YES;
				CLANG_WARN_OBJC_ROOT_CLASS = YES_ERROR;
				CLANG_WARN_QUOTED_INCLUDE_IN_FRAMEWORK_HEADER = YES;
				CLANG_WARN_RANGE_LOOP_ANALYSIS = YES;
				CLANG_WARN_STRICT_PROTOTYPES = YES;
				CLANG_WARN_SUSPICIOUS_MOVE = YES;
				CLANG_WARN_UNGUARDED_AVAILABILITY = YES_AGGRESSIVE;
				CLANG_WARN_UNREACHABLE_CODE = YES;
				CLANG_WARN__DUPLICATE_METHOD_MATCH = YES;
				COPY_PHASE_STRIP = NO;
				DEBUG_INFORMATION_FORMAT = dwarf;
				ENABLE_STRICT_OBJC_MSGSEND = YES;
				ENABLE_TESTABILITY = YES;
				ENABLE_USER_SCRIPT_SANDBOXING = YES;
				GCC_C_LANGUAGE_STANDARD = gnu17;
				GCC_DYNAMIC_NO_PIC = NO;
				GCC_NO_COMMON_BLOCKS = YES;
				GCC_OPTIMIZATION_LEVEL = 0;
				GCC_PREPROCESSOR_DEFINITIONS = (
					"DEBUG=1",
					"$(inherited)",
				);
				GCC_WARN_64_TO_32_BIT_CONVERSION = YES;
				GCC_WARN_ABOUT_RETURN_TYPE = YES_ERROR;
				GCC_WARN_UNDECLARED_SELECTOR = YES;
				GCC_WARN_UNINITIALIZED_AUTOS = YES_AGGRESSIVE;
				GCC_WARN_UNUSED_FUNCTION = YES;
				GCC_WARN_UNUSED_VARIABLE = YES;
				IPHONEOS_DEPLOYMENT_TARGET = 17.2;
				LOCALIZATION_PREFERS_STRING_CATALOGS = YES;
				MTL_ENABLE_DEBUG_INFO = INCLUDE_SOURCE;
				MTL_FAST_MATH = YES;
				ONLY_ACTIVE_ARCH = YES;
				SDKROOT = iphoneos;
				SWIFT_ACTIVE_COMPILATION_CONDITIONS = "DEBUG $(inherited)";
				SWIFT_OPTIMIZATION_LEVEL = "-Onone";
			};
			name = Debug;
		};
		BE0D33542C01D214006AAD08 /* Release */ = {
			isa = XCBuildConfiguration;
			buildSettings = {
				ALWAYS_SEARCH_USER_PATHS = NO;
				ASSETCATALOG_COMPILER_GENERATE_SWIFT_ASSET_SYMBOL_EXTENSIONS = YES;
				CLANG_ANALYZER_NONNULL = YES;
				CLANG_ANALYZER_NUMBER_OBJECT_CONVERSION = YES_AGGRESSIVE;
				CLANG_CXX_LANGUAGE_STANDARD = "gnu++20";
				CLANG_ENABLE_MODULES = YES;
				CLANG_ENABLE_OBJC_ARC = YES;
				CLANG_ENABLE_OBJC_WEAK = YES;
				CLANG_WARN_BLOCK_CAPTURE_AUTORELEASING = YES;
				CLANG_WARN_BOOL_CONVERSION = YES;
				CLANG_WARN_COMMA = YES;
				CLANG_WARN_CONSTANT_CONVERSION = YES;
				CLANG_WARN_DEPRECATED_OBJC_IMPLEMENTATIONS = YES;
				CLANG_WARN_DIRECT_OBJC_ISA_USAGE = YES_ERROR;
				CLANG_WARN_DOCUMENTATION_COMMENTS = YES;
				CLANG_WARN_EMPTY_BODY = YES;
				CLANG_WARN_ENUM_CONVERSION = YES;
				CLANG_WARN_INFINITE_RECURSION = YES;
				CLANG_WARN_INT_CONVERSION = YES;
				CLANG_WARN_NON_LITERAL_NULL_CONVERSION = YES;
				CLANG_WARN_OBJC_IMPLICIT_RETAIN_SELF = YES;
				CLANG_WARN_OBJC_LITERAL_CONVERSION = YES;
				CLANG_WARN_OBJC_ROOT_CLASS = YES_ERROR;
				CLANG_WARN_QUOTED_INCLUDE_IN_FRAMEWORK_HEADER = YES;
				CLANG_WARN_RANGE_LOOP_ANALYSIS = YES;
				CLANG_WARN_STRICT_PROTOTYPES = YES;
				CLANG_WARN_SUSPICIOUS_MOVE = YES;
				CLANG_WARN_UNGUARDED_AVAILABILITY = YES_AGGRESSIVE;
				CLANG_WARN_UNREACHABLE_CODE = YES;
				CLANG_WARN__DUPLICATE_METHOD_MATCH = YES;
				COPY_PHASE_STRIP = NO;
				DEBUG_INFORMATION_FORMAT = "dwarf-with-dsym";
				ENABLE_NS_ASSERTIONS = NO;
				ENABLE_STRICT_OBJC_MSGSEND = YES;
				ENABLE_USER_SCRIPT_SANDBOXING = YES;
				GCC_C_LANGUAGE_STANDARD = gnu17;
				GCC_NO_COMMON_BLOCKS = YES;
				GCC_WARN_64_TO_32_BIT_CONVERSION = YES;
				GCC_WARN_ABOUT_RETURN_TYPE = YES_ERROR;
				GCC_WARN_UNDECLARED_SELECTOR = YES;
				GCC_WARN_UNINITIALIZED_AUTOS = YES_AGGRESSIVE;
				GCC_WARN_UNUSED_FUNCTION = YES;
				GCC_WARN_UNUSED_VARIABLE = YES;
				IPHONEOS_DEPLOYMENT_TARGET = 17.2;
				LOCALIZATION_PREFERS_STRING_CATALOGS = YES;
				MTL_ENABLE_DEBUG_INFO = NO;
				MTL_FAST_MATH = YES;
				SDKROOT = iphoneos;
				SWIFT_COMPILATION_MODE = wholemodule;
				VALIDATE_PRODUCT = YES;
			};
			name = Release;
		};
		BE0D33562C01D214006AAD08 /* Debug */ = {
			isa = XCBuildConfiguration;
			buildSettings = {
				ASSETCATALOG_COMPILER_APPICON_NAME = AppIcon;
				ASSETCATALOG_COMPILER_GLOBAL_ACCENT_COLOR_NAME = AccentColor;
				CODE_SIGN_STYLE = Automatic;
				CURRENT_PROJECT_VERSION = 1;
				DEVELOPMENT_TEAM = 9N2C3RSUH8;
				GENERATE_INFOPLIST_FILE = YES;
				INFOPLIST_FILE = PodcastApp/Files/Info.plist;
				INFOPLIST_KEY_UIApplicationSupportsIndirectInputEvents = YES;
				INFOPLIST_KEY_UILaunchStoryboardName = LaunchScreen;
				INFOPLIST_KEY_UISupportedInterfaceOrientations_iPad = "UIInterfaceOrientationPortrait UIInterfaceOrientationPortraitUpsideDown UIInterfaceOrientationLandscapeLeft UIInterfaceOrientationLandscapeRight";
				INFOPLIST_KEY_UISupportedInterfaceOrientations_iPhone = "UIInterfaceOrientationPortrait UIInterfaceOrientationLandscapeLeft UIInterfaceOrientationLandscapeRight";
				LD_RUNPATH_SEARCH_PATHS = (
					"$(inherited)",
					"@executable_path/Frameworks",
				);
				MARKETING_VERSION = 1.0;
				PRODUCT_BUNDLE_IDENTIFIER = com.iosdevbaran.PodcastApp;
				PRODUCT_NAME = "$(TARGET_NAME)";
				SWIFT_EMIT_LOC_STRINGS = YES;
				SWIFT_VERSION = 5.0;
				TARGETED_DEVICE_FAMILY = "1,2";
			};
			name = Debug;
		};
		BE0D33572C01D214006AAD08 /* Release */ = {
			isa = XCBuildConfiguration;
			buildSettings = {
				ASSETCATALOG_COMPILER_APPICON_NAME = AppIcon;
				ASSETCATALOG_COMPILER_GLOBAL_ACCENT_COLOR_NAME = AccentColor;
				CODE_SIGN_STYLE = Automatic;
				CURRENT_PROJECT_VERSION = 1;
				DEVELOPMENT_TEAM = 9N2C3RSUH8;
				GENERATE_INFOPLIST_FILE = YES;
				INFOPLIST_FILE = PodcastApp/Files/Info.plist;
				INFOPLIST_KEY_UIApplicationSupportsIndirectInputEvents = YES;
				INFOPLIST_KEY_UILaunchStoryboardName = LaunchScreen;
				INFOPLIST_KEY_UISupportedInterfaceOrientations_iPad = "UIInterfaceOrientationPortrait UIInterfaceOrientationPortraitUpsideDown UIInterfaceOrientationLandscapeLeft UIInterfaceOrientationLandscapeRight";
				INFOPLIST_KEY_UISupportedInterfaceOrientations_iPhone = "UIInterfaceOrientationPortrait UIInterfaceOrientationLandscapeLeft UIInterfaceOrientationLandscapeRight";
				LD_RUNPATH_SEARCH_PATHS = (
					"$(inherited)",
					"@executable_path/Frameworks",
				);
				MARKETING_VERSION = 1.0;
				PRODUCT_BUNDLE_IDENTIFIER = com.iosdevbaran.PodcastApp;
				PRODUCT_NAME = "$(TARGET_NAME)";
				SWIFT_EMIT_LOC_STRINGS = YES;
				SWIFT_VERSION = 5.0;
				TARGETED_DEVICE_FAMILY = "1,2";
			};
			name = Release;
		};
/* End XCBuildConfiguration section */

/* Begin XCConfigurationList section */
		BE0D333C2C01D213006AAD08 /* Build configuration list for PBXProject "PodcastApp" */ = {
			isa = XCConfigurationList;
			buildConfigurations = (
				BE0D33532C01D214006AAD08 /* Debug */,
				BE0D33542C01D214006AAD08 /* Release */,
			);
			defaultConfigurationIsVisible = 0;
			defaultConfigurationName = Release;
		};
		BE0D33552C01D214006AAD08 /* Build configuration list for PBXNativeTarget "PodcastApp" */ = {
			isa = XCConfigurationList;
			buildConfigurations = (
				BE0D33562C01D214006AAD08 /* Debug */,
				BE0D33572C01D214006AAD08 /* Release */,
			);
			defaultConfigurationIsVisible = 0;
			defaultConfigurationName = Release;
		};
/* End XCConfigurationList section */

/* Begin XCRemoteSwiftPackageReference section */
		BE087B702C04D14D005012C4 /* XCRemoteSwiftPackageReference "SDWebImage" */ = {
			isa = XCRemoteSwiftPackageReference;
			repositoryURL = "https://github.com/SDWebImage/SDWebImage.git";
			requirement = {
				kind = upToNextMajorVersion;
				minimumVersion = 5.19.2;
			};
		};
		BEF17FAF2C01F9DC00F8511B /* XCRemoteSwiftPackageReference "SnapKit" */ = {
			isa = XCRemoteSwiftPackageReference;
			repositoryURL = "https://github.com/SnapKit/SnapKit.git";
			requirement = {
				kind = upToNextMajorVersion;
				minimumVersion = 5.7.1;
			};
		};
		BEF17FB22C01FF2800F8511B /* XCRemoteSwiftPackageReference "Alamofire" */ = {
			isa = XCRemoteSwiftPackageReference;
			repositoryURL = "https://github.com/Alamofire/Alamofire.git";
			requirement = {
				kind = upToNextMajorVersion;
				minimumVersion = 5.9.1;
			};
		};
		BEFBA2A12C073BBD0006E655 /* XCRemoteSwiftPackageReference "FeedKit" */ = {
			isa = XCRemoteSwiftPackageReference;
			repositoryURL = "https://github.com/nmdias/FeedKit.git";
			requirement = {
				kind = upToNextMajorVersion;
				minimumVersion = 9.1.2;
			};
		};
/* End XCRemoteSwiftPackageReference section */

/* Begin XCSwiftPackageProductDependency section */
		BE087B712C04D14D005012C4 /* SDWebImage */ = {
			isa = XCSwiftPackageProductDependency;
			package = BE087B702C04D14D005012C4 /* XCRemoteSwiftPackageReference "SDWebImage" */;
			productName = SDWebImage;
		};
		BEF17FB02C01F9DC00F8511B /* SnapKit */ = {
			isa = XCSwiftPackageProductDependency;
			package = BEF17FAF2C01F9DC00F8511B /* XCRemoteSwiftPackageReference "SnapKit" */;
			productName = SnapKit;
		};
		BEF17FB32C01FF2800F8511B /* Alamofire */ = {
			isa = XCSwiftPackageProductDependency;
			package = BEF17FB22C01FF2800F8511B /* XCRemoteSwiftPackageReference "Alamofire" */;
			productName = Alamofire;
		};
		BEFBA2A22C073BBD0006E655 /* FeedKit */ = {
			isa = XCSwiftPackageProductDependency;
			package = BEFBA2A12C073BBD0006E655 /* XCRemoteSwiftPackageReference "FeedKit" */;
			productName = FeedKit;
		};
/* End XCSwiftPackageProductDependency section */
	};
	rootObject = BE0D33392C01D213006AAD08 /* Project object */;
}
